// !$*UTF8*$!
{
	archiveVersion = 1;
	classes = {
	};
	objectVersion = 50;
	objects = {

/* Begin PBXBuildFile section */
		D929C8CB24497EA4002C71F1 /* Discovery.m in Sources */ = {isa = PBXBuildFile; fileRef = D929C8C824497EA3002C71F1 /* Discovery.m */; };
		D929C8CC24497EA4002C71F1 /* DIALManager.m in Sources */ = {isa = PBXBuildFile; fileRef = D929C8C924497EA3002C71F1 /* DIALManager.m */; };
		D95AF96024470AA100C4409A /* PopupViewController.swift in Sources */ = {isa = PBXBuildFile; fileRef = D95AF95F24470AA100C4409A /* PopupViewController.swift */; };
		D95AF96224470B5900C4409A /* PopupTVC.swift in Sources */ = {isa = PBXBuildFile; fileRef = D95AF96124470B5900C4409A /* PopupTVC.swift */; };
		D99ABAD72445C5CE003DB8D2 /* AppDelegate.swift in Sources */ = {isa = PBXBuildFile; fileRef = D99ABAD62445C5CE003DB8D2 /* AppDelegate.swift */; };
		D99ABAD92445C5CE003DB8D2 /* SceneDelegate.swift in Sources */ = {isa = PBXBuildFile; fileRef = D99ABAD82445C5CE003DB8D2 /* SceneDelegate.swift */; };
		D99ABADB2445C5CE003DB8D2 /* ViewController.swift in Sources */ = {isa = PBXBuildFile; fileRef = D99ABADA2445C5CE003DB8D2 /* ViewController.swift */; };
		D99ABADE2445C5CE003DB8D2 /* Main.storyboard in Resources */ = {isa = PBXBuildFile; fileRef = D99ABADC2445C5CE003DB8D2 /* Main.storyboard */; };
		D99ABAE02445C5D8003DB8D2 /* Assets.xcassets in Resources */ = {isa = PBXBuildFile; fileRef = D99ABADF2445C5D8003DB8D2 /* Assets.xcassets */; };
		D99ABAE32445C5D8003DB8D2 /* LaunchScreen.storyboard in Resources */ = {isa = PBXBuildFile; fileRef = D99ABAE12445C5D8003DB8D2 /* LaunchScreen.storyboard */; };
		D99ABAED2445CD9B003DB8D2 /* TitleTableViewCell.swift in Sources */ = {isa = PBXBuildFile; fileRef = D99ABAEC2445CD9B003DB8D2 /* TitleTableViewCell.swift */; };
		D99ABAF32446C255003DB8D2 /* GetTheServerData.swift in Sources */ = {isa = PBXBuildFile; fileRef = D99ABAF22446C255003DB8D2 /* GetTheServerData.swift */; };
		D99ABAF72446D16B003DB8D2 /* VideoDetail.swift in Sources */ = {isa = PBXBuildFile; fileRef = D99ABAF62446D16B003DB8D2 /* VideoDetail.swift */; };
		D99ABAF92446D1C6003DB8D2 /* Details.swift in Sources */ = {isa = PBXBuildFile; fileRef = D99ABAF82446D1C5003DB8D2 /* Details.swift */; };
		D99ABAFB2446D1FA003DB8D2 /* Extended.swift in Sources */ = {isa = PBXBuildFile; fileRef = D99ABAFA2446D1FA003DB8D2 /* Extended.swift */; };
		D99ABAFD2446D200003DB8D2 /* Genre.swift in Sources */ = {isa = PBXBuildFile; fileRef = D99ABAFC2446D200003DB8D2 /* Genre.swift */; };
		D99ABAFF2446D204003DB8D2 /* Image.swift in Sources */ = {isa = PBXBuildFile; fileRef = D99ABAFE2446D204003DB8D2 /* Image.swift */; };
		D99ABB012446D207003DB8D2 /* Item.swift in Sources */ = {isa = PBXBuildFile; fileRef = D99ABB002446D207003DB8D2 /* Item.swift */; };
		D99ABB032446D20B003DB8D2 /* Related.swift in Sources */ = {isa = PBXBuildFile; fileRef = D99ABB022446D20A003DB8D2 /* Related.swift */; };
		D99ABB052446D21D003DB8D2 /* RelatedChannelsSs.swift in Sources */ = {isa = PBXBuildFile; fileRef = D99ABB042446D21C003DB8D2 /* RelatedChannelsSs.swift */; };
		D99ABB072446D21F003DB8D2 /* RelatedCollectionsSs.swift in Sources */ = {isa = PBXBuildFile; fileRef = D99ABB062446D21F003DB8D2 /* RelatedCollectionsSs.swift */; };
		D99ABB092446D222003DB8D2 /* RelatedMoviesSs.swift in Sources */ = {isa = PBXBuildFile; fileRef = D99ABB082446D222003DB8D2 /* RelatedMoviesSs.swift */; };
		D99ABB0B2446D225003DB8D2 /* RelatedTvshowsSs.swift in Sources */ = {isa = PBXBuildFile; fileRef = D99ABB0A2446D225003DB8D2 /* RelatedTvshowsSs.swift */; };
		D99ABB0F2446D22D003DB8D2 /* RelatedVideosSs.swift in Sources */ = {isa = PBXBuildFile; fileRef = D99ABB0E2446D22D003DB8D2 /* RelatedVideosSs.swift */; };
		D99ABB112446D231003DB8D2 /* SkipAvailable.swift in Sources */ = {isa = PBXBuildFile; fileRef = D99ABB102446D231003DB8D2 /* SkipAvailable.swift */; };
		DD979120266F2E6A00E35022 /* DIAL-2ndScreenProtocol, v2.2.pdf in Resources */ = {isa = PBXBuildFile; fileRef = DD97911F266F2E6A00E35022 /* DIAL-2ndScreenProtocol, v2.2.pdf */; };
/* End PBXBuildFile section */

/* Begin PBXFileReference section */
		D929C8C624497EA2002C71F1 /* BroadcastTVApp-Bridging-Header.h */ = {isa = PBXFileReference; lastKnownFileType = sourcecode.c.h; path = "BroadcastTVApp-Bridging-Header.h"; sourceTree = "<group>"; };
		D929C8C724497EA3002C71F1 /* DIALManager.h */ = {isa = PBXFileReference; fileEncoding = 4; lastKnownFileType = sourcecode.c.h; name = DIALManager.h; path = Dial_Protocol/DIALManager.h; sourceTree = "<group>"; };
		D929C8C824497EA3002C71F1 /* Discovery.m */ = {isa = PBXFileReference; fileEncoding = 4; lastKnownFileType = sourcecode.c.objc; name = Discovery.m; path = Dial_Protocol/Discovery.m; sourceTree = "<group>"; };
		D929C8C924497EA3002C71F1 /* DIALManager.m */ = {isa = PBXFileReference; fileEncoding = 4; lastKnownFileType = sourcecode.c.objc; name = DIALManager.m; path = Dial_Protocol/DIALManager.m; sourceTree = "<group>"; };
		D929C8CA24497EA3002C71F1 /* Discovery.h */ = {isa = PBXFileReference; fileEncoding = 4; lastKnownFileType = sourcecode.c.h; name = Discovery.h; path = Dial_Protocol/Discovery.h; sourceTree = "<group>"; };
		D95AF95F24470AA100C4409A /* PopupViewController.swift */ = {isa = PBXFileReference; lastKnownFileType = sourcecode.swift; path = PopupViewController.swift; sourceTree = "<group>"; };
		D95AF96124470B5900C4409A /* PopupTVC.swift */ = {isa = PBXFileReference; lastKnownFileType = sourcecode.swift; path = PopupTVC.swift; sourceTree = "<group>"; };
		D99ABAD32445C5CE003DB8D2 /* BroadcastTVApp.app */ = {isa = PBXFileReference; explicitFileType = wrapper.application; includeInIndex = 0; path = BroadcastTVApp.app; sourceTree = BUILT_PRODUCTS_DIR; };
		D99ABAD62445C5CE003DB8D2 /* AppDelegate.swift */ = {isa = PBXFileReference; lastKnownFileType = sourcecode.swift; path = AppDelegate.swift; sourceTree = "<group>"; };
		D99ABAD82445C5CE003DB8D2 /* SceneDelegate.swift */ = {isa = PBXFileReference; lastKnownFileType = sourcecode.swift; path = SceneDelegate.swift; sourceTree = "<group>"; };
		D99ABADA2445C5CE003DB8D2 /* ViewController.swift */ = {isa = PBXFileReference; lastKnownFileType = sourcecode.swift; path = ViewController.swift; sourceTree = "<group>"; };
		D99ABADD2445C5CE003DB8D2 /* Base */ = {isa = PBXFileReference; lastKnownFileType = file.storyboard; name = Base; path = Base.lproj/Main.storyboard; sourceTree = "<group>"; };
		D99ABADF2445C5D8003DB8D2 /* Assets.xcassets */ = {isa = PBXFileReference; lastKnownFileType = folder.assetcatalog; path = Assets.xcassets; sourceTree = "<group>"; };
		D99ABAE22445C5D8003DB8D2 /* Base */ = {isa = PBXFileReference; lastKnownFileType = file.storyboard; name = Base; path = Base.lproj/LaunchScreen.storyboard; sourceTree = "<group>"; };
		D99ABAE42445C5D8003DB8D2 /* Info.plist */ = {isa = PBXFileReference; lastKnownFileType = text.plist.xml; path = Info.plist; sourceTree = "<group>"; };
		D99ABAEC2445CD9B003DB8D2 /* TitleTableViewCell.swift */ = {isa = PBXFileReference; lastKnownFileType = sourcecode.swift; path = TitleTableViewCell.swift; sourceTree = "<group>"; };
		D99ABAF22446C255003DB8D2 /* GetTheServerData.swift */ = {isa = PBXFileReference; lastKnownFileType = sourcecode.swift; path = GetTheServerData.swift; sourceTree = "<group>"; };
		D99ABAF62446D16B003DB8D2 /* VideoDetail.swift */ = {isa = PBXFileReference; lastKnownFileType = sourcecode.swift; path = VideoDetail.swift; sourceTree = "<group>"; };
		D99ABAF82446D1C5003DB8D2 /* Details.swift */ = {isa = PBXFileReference; lastKnownFileType = sourcecode.swift; path = Details.swift; sourceTree = "<group>"; };
		D99ABAFA2446D1FA003DB8D2 /* Extended.swift */ = {isa = PBXFileReference; lastKnownFileType = sourcecode.swift; path = Extended.swift; sourceTree = "<group>"; };
		D99ABAFC2446D200003DB8D2 /* Genre.swift */ = {isa = PBXFileReference; lastKnownFileType = sourcecode.swift; path = Genre.swift; sourceTree = "<group>"; };
		D99ABAFE2446D204003DB8D2 /* Image.swift */ = {isa = PBXFileReference; lastKnownFileType = sourcecode.swift; path = Image.swift; sourceTree = "<group>"; };
		D99ABB002446D207003DB8D2 /* Item.swift */ = {isa = PBXFileReference; lastKnownFileType = sourcecode.swift; path = Item.swift; sourceTree = "<group>"; };
		D99ABB022446D20A003DB8D2 /* Related.swift */ = {isa = PBXFileReference; lastKnownFileType = sourcecode.swift; path = Related.swift; sourceTree = "<group>"; };
		D99ABB042446D21C003DB8D2 /* RelatedChannelsSs.swift */ = {isa = PBXFileReference; lastKnownFileType = sourcecode.swift; path = RelatedChannelsSs.swift; sourceTree = "<group>"; };
		D99ABB062446D21F003DB8D2 /* RelatedCollectionsSs.swift */ = {isa = PBXFileReference; lastKnownFileType = sourcecode.swift; path = RelatedCollectionsSs.swift; sourceTree = "<group>"; };
		D99ABB082446D222003DB8D2 /* RelatedMoviesSs.swift */ = {isa = PBXFileReference; lastKnownFileType = sourcecode.swift; path = RelatedMoviesSs.swift; sourceTree = "<group>"; };
		D99ABB0A2446D225003DB8D2 /* RelatedTvshowsSs.swift */ = {isa = PBXFileReference; lastKnownFileType = sourcecode.swift; path = RelatedTvshowsSs.swift; sourceTree = "<group>"; };
		D99ABB0E2446D22D003DB8D2 /* RelatedVideosSs.swift */ = {isa = PBXFileReference; lastKnownFileType = sourcecode.swift; path = RelatedVideosSs.swift; sourceTree = "<group>"; };
		D99ABB102446D231003DB8D2 /* SkipAvailable.swift */ = {isa = PBXFileReference; lastKnownFileType = sourcecode.swift; path = SkipAvailable.swift; sourceTree = "<group>"; };
		DD97911F266F2E6A00E35022 /* DIAL-2ndScreenProtocol, v2.2.pdf */ = {isa = PBXFileReference; lastKnownFileType = image.pdf; path = "DIAL-2ndScreenProtocol, v2.2.pdf"; sourceTree = "<group>"; };
/* End PBXFileReference section */

/* Begin PBXFrameworksBuildPhase section */
		D99ABAD02445C5CE003DB8D2 /* Frameworks */ = {
			isa = PBXFrameworksBuildPhase;
			buildActionMask = 2147483647;
			files = (
			);
			runOnlyForDeploymentPostprocessing = 0;
		};
/* End PBXFrameworksBuildPhase section */

/* Begin PBXGroup section */
		D99ABACA2445C5CE003DB8D2 = {
			isa = PBXGroup;
			children = (
				D99ABAD52445C5CE003DB8D2 /* BroadcastTVApp */,
				D99ABAD42445C5CE003DB8D2 /* Products */,
			);
			sourceTree = "<group>";
		};
		D99ABAD42445C5CE003DB8D2 /* Products */ = {
			isa = PBXGroup;
			children = (
				D99ABAD32445C5CE003DB8D2 /* BroadcastTVApp.app */,
			);
			name = Products;
			sourceTree = "<group>";
		};
		D99ABAD52445C5CE003DB8D2 /* BroadcastTVApp */ = {
			isa = PBXGroup;
			children = (
				D99ABAD62445C5CE003DB8D2 /* AppDelegate.swift */,
				D99ABAD82445C5CE003DB8D2 /* SceneDelegate.swift */,
				D99ABADA2445C5CE003DB8D2 /* ViewController.swift */,
				D95AF95F24470AA100C4409A /* PopupViewController.swift */,
				D95AF96124470B5900C4409A /* PopupTVC.swift */,
				D99ABAF22446C255003DB8D2 /* GetTheServerData.swift */,
				D99ABAEC2445CD9B003DB8D2 /* TitleTableViewCell.swift */,
				D99ABAF82446D1C5003DB8D2 /* Details.swift */,
				D99ABAF62446D16B003DB8D2 /* VideoDetail.swift */,
				D99ABAFA2446D1FA003DB8D2 /* Extended.swift */,
				D99ABAFC2446D200003DB8D2 /* Genre.swift */,
				D99ABAFE2446D204003DB8D2 /* Image.swift */,
				D99ABB042446D21C003DB8D2 /* RelatedChannelsSs.swift */,
				D99ABB062446D21F003DB8D2 /* RelatedCollectionsSs.swift */,
				D99ABB002446D207003DB8D2 /* Item.swift */,
				D99ABB0A2446D225003DB8D2 /* RelatedTvshowsSs.swift */,
				D99ABB022446D20A003DB8D2 /* Related.swift */,
				D99ABB0E2446D22D003DB8D2 /* RelatedVideosSs.swift */,
				D99ABB102446D231003DB8D2 /* SkipAvailable.swift */,
				D99ABB082446D222003DB8D2 /* RelatedMoviesSs.swift */,
				D99ABADC2445C5CE003DB8D2 /* Main.storyboard */,
				D99ABADF2445C5D8003DB8D2 /* Assets.xcassets */,
				D99ABAE12445C5D8003DB8D2 /* LaunchScreen.storyboard */,
				D99ABAE42445C5D8003DB8D2 /* Info.plist */,
				D929C8C724497EA3002C71F1 /* DIALManager.h */,
				D929C8C924497EA3002C71F1 /* DIALManager.m */,
				D929C8CA24497EA3002C71F1 /* Discovery.h */,
				D929C8C824497EA3002C71F1 /* Discovery.m */,
				D929C8C624497EA2002C71F1 /* BroadcastTVApp-Bridging-Header.h */,
				DD97911F266F2E6A00E35022 /* DIAL-2ndScreenProtocol, v2.2.pdf */,
			);
			path = BroadcastTVApp;
			sourceTree = "<group>";
		};
/* End PBXGroup section */

/* Begin PBXNativeTarget section */
		D99ABAD22445C5CE003DB8D2 /* BroadcastTVApp */ = {
			isa = PBXNativeTarget;
			buildConfigurationList = D99ABAE72445C5D8003DB8D2 /* Build configuration list for PBXNativeTarget "BroadcastTVApp" */;
			buildPhases = (
				D99ABACF2445C5CE003DB8D2 /* Sources */,
				D99ABAD02445C5CE003DB8D2 /* Frameworks */,
				D99ABAD12445C5CE003DB8D2 /* Resources */,
			);
			buildRules = (
			);
			dependencies = (
			);
			name = BroadcastTVApp;
			productName = BroadcastTVApp;
			productReference = D99ABAD32445C5CE003DB8D2 /* BroadcastTVApp.app */;
			productType = "com.apple.product-type.application";
		};
/* End PBXNativeTarget section */

/* Begin PBXProject section */
		D99ABACB2445C5CE003DB8D2 /* Project object */ = {
			isa = PBXProject;
			attributes = {
				LastSwiftUpdateCheck = 1130;
				LastUpgradeCheck = 1130;
				ORGANIZATIONNAME = "Narendra Vadde";
				TargetAttributes = {
					D99ABAD22445C5CE003DB8D2 = {
						CreatedOnToolsVersion = 11.3.1;
						LastSwiftMigration = 1140;
					};
				};
			};
			buildConfigurationList = D99ABACE2445C5CE003DB8D2 /* Build configuration list for PBXProject "BroadcastTVApp" */;
			compatibilityVersion = "Xcode 9.3";
			developmentRegion = en;
			hasScannedForEncodings = 0;
			knownRegions = (
				en,
				Base,
			);
			mainGroup = D99ABACA2445C5CE003DB8D2;
			productRefGroup = D99ABAD42445C5CE003DB8D2 /* Products */;
			projectDirPath = "";
			projectRoot = "";
			targets = (
				D99ABAD22445C5CE003DB8D2 /* BroadcastTVApp */,
			);
		};
/* End PBXProject section */

/* Begin PBXResourcesBuildPhase section */
		D99ABAD12445C5CE003DB8D2 /* Resources */ = {
			isa = PBXResourcesBuildPhase;
			buildActionMask = 2147483647;
			files = (
				D99ABAE32445C5D8003DB8D2 /* LaunchScreen.storyboard in Resources */,
				D99ABAE02445C5D8003DB8D2 /* Assets.xcassets in Resources */,
				DD979120266F2E6A00E35022 /* DIAL-2ndScreenProtocol, v2.2.pdf in Resources */,
				D99ABADE2445C5CE003DB8D2 /* Main.storyboard in Resources */,
			);
			runOnlyForDeploymentPostprocessing = 0;
		};
/* End PBXResourcesBuildPhase section */

/* Begin PBXSourcesBuildPhase section */
		D99ABACF2445C5CE003DB8D2 /* Sources */ = {
			isa = PBXSourcesBuildPhase;
			buildActionMask = 2147483647;
			files = (
				D99ABB0B2446D225003DB8D2 /* RelatedTvshowsSs.swift in Sources */,
				D99ABAED2445CD9B003DB8D2 /* TitleTableViewCell.swift in Sources */,
				D99ABAF72446D16B003DB8D2 /* VideoDetail.swift in Sources */,
				D99ABADB2445C5CE003DB8D2 /* ViewController.swift in Sources */,
				D99ABB012446D207003DB8D2 /* Item.swift in Sources */,
				D99ABB052446D21D003DB8D2 /* RelatedChannelsSs.swift in Sources */,
				D929C8CB24497EA4002C71F1 /* Discovery.m in Sources */,
				D99ABAD72445C5CE003DB8D2 /* AppDelegate.swift in Sources */,
				D99ABB032446D20B003DB8D2 /* Related.swift in Sources */,
				D99ABB0F2446D22D003DB8D2 /* RelatedVideosSs.swift in Sources */,
				D99ABAD92445C5CE003DB8D2 /* SceneDelegate.swift in Sources */,
				D99ABB072446D21F003DB8D2 /* RelatedCollectionsSs.swift in Sources */,
				D95AF96224470B5900C4409A /* PopupTVC.swift in Sources */,
				D99ABB092446D222003DB8D2 /* RelatedMoviesSs.swift in Sources */,
				D99ABAF92446D1C6003DB8D2 /* Details.swift in Sources */,
				D99ABB112446D231003DB8D2 /* SkipAvailable.swift in Sources */,
				D95AF96024470AA100C4409A /* PopupViewController.swift in Sources */,
				D99ABAFB2446D1FA003DB8D2 /* Extended.swift in Sources */,
				D99ABAF32446C255003DB8D2 /* GetTheServerData.swift in Sources */,
				D99ABAFF2446D204003DB8D2 /* Image.swift in Sources */,
				D99ABAFD2446D200003DB8D2 /* Genre.swift in Sources */,
				D929C8CC24497EA4002C71F1 /* DIALManager.m in Sources */,
			);
			runOnlyForDeploymentPostprocessing = 0;
		};
/* End PBXSourcesBuildPhase section */

/* Begin PBXVariantGroup section */
		D99ABADC2445C5CE003DB8D2 /* Main.storyboard */ = {
			isa = PBXVariantGroup;
			children = (
				D99ABADD2445C5CE003DB8D2 /* Base */,
			);
			name = Main.storyboard;
			sourceTree = "<group>";
		};
		D99ABAE12445C5D8003DB8D2 /* LaunchScreen.storyboard */ = {
			isa = PBXVariantGroup;
			children = (
				D99ABAE22445C5D8003DB8D2 /* Base */,
			);
			name = LaunchScreen.storyboard;
			sourceTree = "<group>";
		};
/* End PBXVariantGroup section */

/* Begin XCBuildConfiguration section */
		D99ABAE52445C5D8003DB8D2 /* Debug */ = {
			isa = XCBuildConfiguration;
			buildSettings = {
				ALWAYS_SEARCH_USER_PATHS = NO;
				CLANG_ANALYZER_NONNULL = YES;
				CLANG_ANALYZER_NUMBER_OBJECT_CONVERSION = YES_AGGRESSIVE;
				CLANG_CXX_LANGUAGE_STANDARD = "gnu++14";
				CLANG_CXX_LIBRARY = "libc++";
				CLANG_ENABLE_MODULES = YES;
				CLANG_ENABLE_OBJC_ARC = YES;
				CLANG_ENABLE_OBJC_WEAK = YES;
				CLANG_WARN_BLOCK_CAPTURE_AUTORELEASING = YES;
				CLANG_WARN_BOOL_CONVERSION = YES;
				CLANG_WARN_COMMA = YES;
				CLANG_WARN_CONSTANT_CONVERSION = YES;
				CLANG_WARN_DEPRECATED_OBJC_IMPLEMENTATIONS = YES;
				CLANG_WARN_DIRECT_OBJC_ISA_USAGE = YES_ERROR;
				CLANG_WARN_DOCUMENTATION_COMMENTS = YES;
				CLANG_WARN_EMPTY_BODY = YES;
				CLANG_WARN_ENUM_CONVERSION = YES;
				CLANG_WARN_INFINITE_RECURSION = YES;
				CLANG_WARN_INT_CONVERSION = YES;
				CLANG_WARN_NON_LITERAL_NULL_CONVERSION = YES;
				CLANG_WARN_OBJC_IMPLICIT_RETAIN_SELF = YES;
				CLANG_WARN_OBJC_LITERAL_CONVERSION = YES;
				CLANG_WARN_OBJC_ROOT_CLASS = YES_ERROR;
				CLANG_WARN_RANGE_LOOP_ANALYSIS = YES;
				CLANG_WARN_STRICT_PROTOTYPES = YES;
				CLANG_WARN_SUSPICIOUS_MOVE = YES;
				CLANG_WARN_UNGUARDED_AVAILABILITY = YES_AGGRESSIVE;
				CLANG_WARN_UNREACHABLE_CODE = YES;
				CLANG_WARN__DUPLICATE_METHOD_MATCH = YES;
				COPY_PHASE_STRIP = NO;
				DEBUG_INFORMATION_FORMAT = dwarf;
				ENABLE_STRICT_OBJC_MSGSEND = YES;
				ENABLE_TESTABILITY = YES;
				GCC_C_LANGUAGE_STANDARD = gnu11;
				GCC_DYNAMIC_NO_PIC = NO;
				GCC_NO_COMMON_BLOCKS = YES;
				GCC_OPTIMIZATION_LEVEL = 0;
				GCC_PREPROCESSOR_DEFINITIONS = (
					"DEBUG=1",
					"$(inherited)",
				);
				GCC_WARN_64_TO_32_BIT_CONVERSION = YES;
				GCC_WARN_ABOUT_RETURN_TYPE = YES_ERROR;
				GCC_WARN_UNDECLARED_SELECTOR = YES;
				GCC_WARN_UNINITIALIZED_AUTOS = YES_AGGRESSIVE;
				GCC_WARN_UNUSED_FUNCTION = YES;
				GCC_WARN_UNUSED_VARIABLE = YES;
				IPHONEOS_DEPLOYMENT_TARGET = 13.2;
				MTL_ENABLE_DEBUG_INFO = INCLUDE_SOURCE;
				MTL_FAST_MATH = YES;
				ONLY_ACTIVE_ARCH = YES;
				SDKROOT = iphoneos;
				SWIFT_ACTIVE_COMPILATION_CONDITIONS = DEBUG;
				SWIFT_OPTIMIZATION_LEVEL = "-Onone";
			};
			name = Debug;
		};
		D99ABAE62445C5D8003DB8D2 /* Release */ = {
			isa = XCBuildConfiguration;
			buildSettings = {
				ALWAYS_SEARCH_USER_PATHS = NO;
				CLANG_ANALYZER_NONNULL = YES;
				CLANG_ANALYZER_NUMBER_OBJECT_CONVERSION = YES_AGGRESSIVE;
				CLANG_CXX_LANGUAGE_STANDARD = "gnu++14";
				CLANG_CXX_LIBRARY = "libc++";
				CLANG_ENABLE_MODULES = YES;
				CLANG_ENABLE_OBJC_ARC = YES;
				CLANG_ENABLE_OBJC_WEAK = YES;
				CLANG_WARN_BLOCK_CAPTURE_AUTORELEASING = YES;
				CLANG_WARN_BOOL_CONVERSION = YES;
				CLANG_WARN_COMMA = YES;
				CLANG_WARN_CONSTANT_CONVERSION = YES;
				CLANG_WARN_DEPRECATED_OBJC_IMPLEMENTATIONS = YES;
				CLANG_WARN_DIRECT_OBJC_ISA_USAGE = YES_ERROR;
				CLANG_WARN_DOCUMENTATION_COMMENTS = YES;
				CLANG_WARN_EMPTY_BODY = YES;
				CLANG_WARN_ENUM_CONVERSION = YES;
				CLANG_WARN_INFINITE_RECURSION = YES;
				CLANG_WARN_INT_CONVERSION = YES;
				CLANG_WARN_NON_LITERAL_NULL_CONVERSION = YES;
				CLANG_WARN_OBJC_IMPLICIT_RETAIN_SELF = YES;
				CLANG_WARN_OBJC_LITERAL_CONVERSION = YES;
				CLANG_WARN_OBJC_ROOT_CLASS = YES_ERROR;
				CLANG_WARN_RANGE_LOOP_ANALYSIS = YES;
				CLANG_WARN_STRICT_PROTOTYPES = YES;
				CLANG_WARN_SUSPICIOUS_MOVE = YES;
				CLANG_WARN_UNGUARDED_AVAILABILITY = YES_AGGRESSIVE;
				CLANG_WARN_UNREACHABLE_CODE = YES;
				CLANG_WARN__DUPLICATE_METHOD_MATCH = YES;
				COPY_PHASE_STRIP = NO;
				DEBUG_INFORMATION_FORMAT = "dwarf-with-dsym";
				ENABLE_NS_ASSERTIONS = NO;
				ENABLE_STRICT_OBJC_MSGSEND = YES;
				GCC_C_LANGUAGE_STANDARD = gnu11;
				GCC_NO_COMMON_BLOCKS = YES;
				GCC_WARN_64_TO_32_BIT_CONVERSION = YES;
				GCC_WARN_ABOUT_RETURN_TYPE = YES_ERROR;
				GCC_WARN_UNDECLARED_SELECTOR = YES;
				GCC_WARN_UNINITIALIZED_AUTOS = YES_AGGRESSIVE;
				GCC_WARN_UNUSED_FUNCTION = YES;
				GCC_WARN_UNUSED_VARIABLE = YES;
				IPHONEOS_DEPLOYMENT_TARGET = 13.2;
				MTL_ENABLE_DEBUG_INFO = NO;
				MTL_FAST_MATH = YES;
				SDKROOT = iphoneos;
				SWIFT_COMPILATION_MODE = wholemodule;
				SWIFT_OPTIMIZATION_LEVEL = "-O";
				VALIDATE_PRODUCT = YES;
			};
			name = Release;
		};
		D99ABAE82445C5D8003DB8D2 /* Debug */ = {
			isa = XCBuildConfiguration;
			buildSettings = {
				ASSETCATALOG_COMPILER_APPICON_NAME = AppIcon;
				CLANG_ENABLE_MODULES = YES;
				CODE_SIGN_STYLE = Automatic;
				INFOPLIST_FILE = BroadcastTVApp/Info.plist;
				LD_RUNPATH_SEARCH_PATHS = (
					"$(inherited)",
					"@executable_path/Frameworks",
				);
				PRODUCT_BUNDLE_IDENTIFIER = Z5X.BroadcastTVApp;
				PRODUCT_NAME = "$(TARGET_NAME)";
				SWIFT_OBJC_BRIDGING_HEADER = "BroadcastTVApp/BroadcastTVApp-Bridging-Header.h";
				SWIFT_OPTIMIZATION_LEVEL = "-Onone";
				SWIFT_VERSION = 5.0;
				TARGETED_DEVICE_FAMILY = "1,2";
			};
			name = Debug;
		};
		D99ABAE92445C5D8003DB8D2 /* Release */ = {
			isa = XCBuildConfiguration;
			buildSettings = {
				ASSETCATALOG_COMPILER_APPICON_NAME = AppIcon;
				CLANG_ENABLE_MODULES = YES;
				CODE_SIGN_STYLE = Automatic;
				INFOPLIST_FILE = BroadcastTVApp/Info.plist;
				LD_RUNPATH_SEARCH_PATHS = (
					"$(inherited)",
					"@executable_path/Frameworks",
				);
				PRODUCT_BUNDLE_IDENTIFIER = Z5X.BroadcastTVApp;
				PRODUCT_NAME = "$(TARGET_NAME)";
				SWIFT_OBJC_BRIDGING_HEADER = "BroadcastTVApp/BroadcastTVApp-Bridging-Header.h";
				SWIFT_VERSION = 5.0;
				TARGETED_DEVICE_FAMILY = "1,2";
			};
			name = Release;
		};
/* End XCBuildConfiguration section */

/* Begin XCConfigurationList section */
		D99ABACE2445C5CE003DB8D2 /* Build configuration list for PBXProject "BroadcastTVApp" */ = {
			isa = XCConfigurationList;
			buildConfigurations = (
				D99ABAE52445C5D8003DB8D2 /* Debug */,
				D99ABAE62445C5D8003DB8D2 /* Release */,
			);
			defaultConfigurationIsVisible = 0;
			defaultConfigurationName = Release;
		};
		D99ABAE72445C5D8003DB8D2 /* Build configuration list for PBXNativeTarget "BroadcastTVApp" */ = {
			isa = XCConfigurationList;
			buildConfigurations = (
				D99ABAE82445C5D8003DB8D2 /* Debug */,
				D99ABAE92445C5D8003DB8D2 /* Release */,
			);
			defaultConfigurationIsVisible = 0;
			defaultConfigurationName = Release;
		};
/* End XCConfigurationList section */
	};
	rootObject = D99ABACB2445C5CE003DB8D2 /* Project object */;
}
