// !$*UTF8*$!
{
	archiveVersion = 1;
	classes = {
	};
	objectVersion = 50;
	objects = {

/* Begin PBXBuildFile section */
		D99ABAD72445C5CE003DB8D2 /* AppDelegate.swift in Sources */ = {isa = PBXBuildFile; fileRef = D99ABAD62445C5CE003DB8D2 /* AppDelegate.swift */; };
		D99ABAD92445C5CE003DB8D2 /* SceneDelegate.swift in Sources */ = {isa = PBXBuildFile; fileRef = D99ABAD82445C5CE003DB8D2 /* SceneDelegate.swift */; };
		D99ABADB2445C5CE003DB8D2 /* ViewController.swift in Sources */ = {isa = PBXBuildFile; fileRef = D99ABADA2445C5CE003DB8D2 /* ViewController.swift */; };
		D99ABADE2445C5CE003DB8D2 /* Main.storyboard in Resources */ = {isa = PBXBuildFile; fileRef = D99ABADC2445C5CE003DB8D2 /* Main.storyboard */; };
		D99ABAE02445C5D8003DB8D2 /* Assets.xcassets in Resources */ = {isa = PBXBuildFile; fileRef = D99ABADF2445C5D8003DB8D2 /* Assets.xcassets */; };
		D99ABAE32445C5D8003DB8D2 /* LaunchScreen.storyboard in Resources */ = {isa = PBXBuildFile; fileRef = D99ABAE12445C5D8003DB8D2 /* LaunchScreen.storyboard */; };
/* End PBXBuildFile section */

/* Begin PBXFileReference section */
		D99ABAD32445C5CE003DB8D2 /* BroadcastTVApp.app */ = {isa = PBXFileReference; explicitFileType = wrapper.application; includeInIndex = 0; path = BroadcastTVApp.app; sourceTree = BUILT_PRODUCTS_DIR; };
		D99ABAD62445C5CE003DB8D2 /* AppDelegate.swift */ = {isa = PBXFileReference; lastKnownFileType = sourcecode.swift; path = AppDelegate.swift; sourceTree = "<group>"; };
		D99ABAD82445C5CE003DB8D2 /* SceneDelegate.swift */ = {isa = PBXFileReference; lastKnownFileType = sourcecode.swift; path = SceneDelegate.swift; sourceTree = "<group>"; };
		D99ABADA2445C5CE003DB8D2 /* ViewController.swift */ = {isa = PBXFileReference; lastKnownFileType = sourcecode.swift; path = ViewController.swift; sourceTree = "<group>"; };
		D99ABADD2445C5CE003DB8D2 /* Base */ = {isa = PBXFileReference; lastKnownFileType = file.storyboard; name = Base; path = Base.lproj/Main.storyboard; sourceTree = "<group>"; };
		D99ABADF2445C5D8003DB8D2 /* Assets.xcassets */ = {isa = PBXFileReference; lastKnownFileType = folder.assetcatalog; path = Assets.xcassets; sourceTree = "<group>"; };
		D99ABAE22445C5D8003DB8D2 /* Base */ = {isa = PBXFileReference; lastKnownFileType = file.storyboard; name = Base; path = Base.lproj/LaunchScreen.storyboard; sourceTree = "<group>"; };
		D99ABAE42445C5D8003DB8D2 /* Info.plist */ = {isa = PBXFileReference; lastKnownFileType = text.plist.xml; path = Info.plist; sourceTree = "<group>"; };
/* End PBXFileReference section */

/* Begin PBXFrameworksBuildPhase section */
		D99ABAD02445C5CE003DB8D2 /* Frameworks */ = {
			isa = PBXFrameworksBuildPhase;
			buildActionMask = 2147483647;
			files = (
			);
			runOnlyForDeploymentPostprocessing = 0;
		};
/* End PBXFrameworksBuildPhase section */

/* Begin PBXGroup section */
		D99ABACA2445C5CE003DB8D2 = {
			isa = PBXGroup;
			children = (
				D99ABAD52445C5CE003DB8D2 /* BroadcastTVApp */,
				D99ABAD42445C5CE003DB8D2 /* Products */,
			);
			sourceTree = "<group>";
		};
		D99ABAD42445C5CE003DB8D2 /* Products */ = {
			isa = PBXGroup;
			children = (
				D99ABAD32445C5CE003DB8D2 /* BroadcastTVApp.app */,
			);
			name = Products;
			sourceTree = "<group>";
		};
		D99ABAD52445C5CE003DB8D2 /* BroadcastTVApp */ = {
			isa = PBXGroup;
			children = (
				D99ABAD62445C5CE003DB8D2 /* AppDelegate.swift */,
				D99ABAD82445C5CE003DB8D2 /* SceneDelegate.swift */,
				D99ABADA2445C5CE003DB8D2 /* ViewController.swift */,
				D99ABADC2445C5CE003DB8D2 /* Main.storyboard */,
				D99ABADF2445C5D8003DB8D2 /* Assets.xcassets */,
				D99ABAE12445C5D8003DB8D2 /* LaunchScreen.storyboard */,
				D99ABAE42445C5D8003DB8D2 /* Info.plist */,
			);
			path = BroadcastTVApp;
			sourceTree = "<group>";
		};
/* End PBXGroup section */

/* Begin PBXNativeTarget section */
		D99ABAD22445C5CE003DB8D2 /* BroadcastTVApp */ = {
			isa = PBXNativeTarget;
			buildConfigurationList = D99ABAE72445C5D8003DB8D2 /* Build configuration list for PBXNativeTarget "BroadcastTVApp" */;
			buildPhases = (
				D99ABACF2445C5CE003DB8D2 /* Sources */,
				D99ABAD02445C5CE003DB8D2 /* Frameworks */,
				D99ABAD12445C5CE003DB8D2 /* Resources */,
			);
			buildRules = (
			);
			dependencies = (
			);
			name = BroadcastTVApp;
			productName = BroadcastTVApp;
			productReference = D99ABAD32445C5CE003DB8D2 /* BroadcastTVApp.app */;
			productType = "com.apple.product-type.application";
		};
/* End PBXNativeTarget section */

/* Begin PBXProject section */
		D99ABACB2445C5CE003DB8D2 /* Project object */ = {
			isa = PBXProject;
			attributes = {
				LastSwiftUpdateCheck = 1130;
				LastUpgradeCheck = 1130;
				ORGANIZATIONNAME = "Narendra Vadde";
				TargetAttributes = {
					D99ABAD22445C5CE003DB8D2 = {
						CreatedOnToolsVersion = 11.3.1;
					};
				};
			};
			buildConfigurationList = D99ABACE2445C5CE003DB8D2 /* Build configuration list for PBXProject "BroadcastTVApp" */;
			compatibilityVersion = "Xcode 9.3";
			developmentRegion = en;
			hasScannedForEncodings = 0;
			knownRegions = (
				en,
				Base,
			);
			mainGroup = D99ABACA2445C5CE003DB8D2;
			productRefGroup = D99ABAD42445C5CE003DB8D2 /* Products */;
			projectDirPath = "";
			projectRoot = "";
			targets = (
				D99ABAD22445C5CE003DB8D2 /* BroadcastTVApp */,
			);
		};
/* End PBXProject section */

/* Begin PBXResourcesBuildPhase section */
		D99ABAD12445C5CE003DB8D2 /* Resources */ = {
			isa = PBXResourcesBuildPhase;
			buildActionMask = 2147483647;
			files = (
				D99ABAE32445C5D8003DB8D2 /* LaunchScreen.storyboard in Resources */,
				D99ABAE02445C5D8003DB8D2 /* Assets.xcassets in Resources */,
				D99ABADE2445C5CE003DB8D2 /* Main.storyboard in Resources */,
			);
			runOnlyForDeploymentPostprocessing = 0;
		};
/* End PBXResourcesBuildPhase section */

/* Begin PBXSourcesBuildPhase section */
		D99ABACF2445C5CE003DB8D2 /* Sources */ = {
			isa = PBXSourcesBuildPhase;
			buildActionMask = 2147483647;
			files = (
				D99ABADB2445C5CE003DB8D2 /* ViewController.swift in Sources */,
				D99ABAD72445C5CE003DB8D2 /* AppDelegate.swift in Sources */,
				D99ABAD92445C5CE003DB8D2 /* SceneDelegate.swift in Sources */,
			);
			runOnlyForDeploymentPostprocessing = 0;
		};
/* End PBXSourcesBuildPhase section */

/* Begin PBXVariantGroup section */
		D99ABADC2445C5CE003DB8D2 /* Main.storyboard */ = {
			isa = PBXVariantGroup;
			children = (
				D99ABADD2445C5CE003DB8D2 /* Base */,
			);
			name = Main.storyboard;
			sourceTree = "<group>";
		};
		D99ABAE12445C5D8003DB8D2 /* LaunchScreen.storyboard */ = {
			isa = PBXVariantGroup;
			children = (
				D99ABAE22445C5D8003DB8D2 /* Base */,
			);
			name = LaunchScreen.storyboard;
			sourceTree = "<group>";
		};
/* End PBXVariantGroup section */

/* Begin XCBuildConfiguration section */
		D99ABAE52445C5D8003DB8D2 /* Debug */ = {
			isa = XCBuildConfiguration;
			buildSettings = {
				ALWAYS_SEARCH_USER_PATHS = NO;
				CLANG_ANALYZER_NONNULL = YES;
				CLANG_ANALYZER_NUMBER_OBJECT_CONVERSION = YES_AGGRESSIVE;
				CLANG_CXX_LANGUAGE_STANDARD = "gnu++14";
				CLANG_CXX_LIBRARY = "libc++";
				CLANG_ENABLE_MODULES = YES;
				CLANG_ENABLE_OBJC_ARC = YES;
				CLANG_ENABLE_OBJC_WEAK = YES;
				CLANG_WARN_BLOCK_CAPTURE_AUTORELEASING = YES;
				CLANG_WARN_BOOL_CONVERSION = YES;
				CLANG_WARN_COMMA = YES;
				CLANG_WARN_CONSTANT_CONVERSION = YES;
				CLANG_WARN_DEPRECATED_OBJC_IMPLEMENTATIONS = YES;
				CLANG_WARN_DIRECT_OBJC_ISA_USAGE = YES_ERROR;
				CLANG_WARN_DOCUMENTATION_COMMENTS = YES;
				CLANG_WARN_EMPTY_BODY = YES;
				CLANG_WARN_ENUM_CONVERSION = YES;
				CLANG_WARN_INFINITE_RECURSION = YES;
				CLANG_WARN_INT_CONVERSION = YES;
				CLANG_WARN_NON_LITERAL_NULL_CONVERSION = YES;
				CLANG_WARN_OBJC_IMPLICIT_RETAIN_SELF = YES;
				CLANG_WARN_OBJC_LITERAL_CONVERSION = YES;
				CLANG_WARN_OBJC_ROOT_CLASS = YES_ERROR;
				CLANG_WARN_RANGE_LOOP_ANALYSIS = YES;
				CLANG_WARN_STRICT_PROTOTYPES = YES;
				CLANG_WARN_SUSPICIOUS_MOVE = YES;
				CLANG_WARN_UNGUARDED_AVAILABILITY = YES_AGGRESSIVE;
				CLANG_WARN_UNREACHABLE_CODE = YES;
				CLANG_WARN__DUPLICATE_METHOD_MATCH = YES;
				COPY_PHASE_STRIP = NO;
				DEBUG_INFORMATION_FORMAT = dwarf;
				ENABLE_STRICT_OBJC_MSGSEND = YES;
				ENABLE_TESTABILITY = YES;
				GCC_C_LANGUAGE_STANDARD = gnu11;
				GCC_DYNAMIC_NO_PIC = NO;
				GCC_NO_COMMON_BLOCKS = YES;
				GCC_OPTIMIZATION_LEVEL = 0;
				GCC_PREPROCESSOR_DEFINITIONS = (
					"DEBUG=1",
					"$(inherited)",
				);
				GCC_WARN_64_TO_32_BIT_CONVERSION = YES;
				GCC_WARN_ABOUT_RETURN_TYPE = YES_ERROR;
				GCC_WARN_UNDECLARED_SELECTOR = YES;
				GCC_WARN_UNINITIALIZED_AUTOS = YES_AGGRESSIVE;
				GCC_WARN_UNUSED_FUNCTION = YES;
				GCC_WARN_UNUSED_VARIABLE = YES;
				IPHONEOS_DEPLOYMENT_TARGET = 13.2;
				MTL_ENABLE_DEBUG_INFO = INCLUDE_SOURCE;
				MTL_FAST_MATH = YES;
				ONLY_ACTIVE_ARCH = YES;
				SDKROOT = iphoneos;
				SWIFT_ACTIVE_COMPILATION_CONDITIONS = DEBUG;
				SWIFT_OPTIMIZATION_LEVEL = "-Onone";
			};
			name = Debug;
		};
		D99ABAE62445C5D8003DB8D2 /* Release */ = {
			isa = XCBuildConfiguration;
			buildSettings = {
				ALWAYS_SEARCH_USER_PATHS = NO;
				CLANG_ANALYZER_NONNULL = YES;
				CLANG_ANALYZER_NUMBER_OBJECT_CONVERSION = YES_AGGRESSIVE;
				CLANG_CXX_LANGUAGE_STANDARD = "gnu++14";
				CLANG_CXX_LIBRARY = "libc++";
				CLANG_ENABLE_MODULES = YES;
				CLANG_ENABLE_OBJC_ARC = YES;
				CLANG_ENABLE_OBJC_WEAK = YES;
				CLANG_WARN_BLOCK_CAPTURE_AUTORELEASING = YES;
				CLANG_WARN_BOOL_CONVERSION = YES;
				CLANG_WARN_COMMA = YES;
				CLANG_WARN_CONSTANT_CONVERSION = YES;
				CLANG_WARN_DEPRECATED_OBJC_IMPLEMENTATIONS = YES;
				CLANG_WARN_DIRECT_OBJC_ISA_USAGE = YES_ERROR;
				CLANG_WARN_DOCUMENTATION_COMMENTS = YES;
				CLANG_WARN_EMPTY_BODY = YES;
				CLANG_WARN_ENUM_CONVERSION = YES;
				CLANG_WARN_INFINITE_RECURSION = YES;
				CLANG_WARN_INT_CONVERSION = YES;
				CLANG_WARN_NON_LITERAL_NULL_CONVERSION = YES;
				CLANG_WARN_OBJC_IMPLICIT_RETAIN_SELF = YES;
				CLANG_WARN_OBJC_LITERAL_CONVERSION = YES;
				CLANG_WARN_OBJC_ROOT_CLASS = YES_ERROR;
				CLANG_WARN_RANGE_LOOP_ANALYSIS = YES;
				CLANG_WARN_STRICT_PROTOTYPES = YES;
				CLANG_WARN_SUSPICIOUS_MOVE = YES;
				CLANG_WARN_UNGUARDED_AVAILABILITY = YES_AGGRESSIVE;
				CLANG_WARN_UNREACHABLE_CODE = YES;
				CLANG_WARN__DUPLICATE_METHOD_MATCH = YES;
				COPY_PHASE_STRIP = NO;
				DEBUG_INFORMATION_FORMAT = "dwarf-with-dsym";
				ENABLE_NS_ASSERTIONS = NO;
				ENABLE_STRICT_OBJC_MSGSEND = YES;
				GCC_C_LANGUAGE_STANDARD = gnu11;
				GCC_NO_COMMON_BLOCKS = YES;
				GCC_WARN_64_TO_32_BIT_CONVERSION = YES;
				GCC_WARN_ABOUT_RETURN_TYPE = YES_ERROR;
				GCC_WARN_UNDECLARED_SELECTOR = YES;
				GCC_WARN_UNINITIALIZED_AUTOS = YES_AGGRESSIVE;
				GCC_WARN_UNUSED_FUNCTION = YES;
				GCC_WARN_UNUSED_VARIABLE = YES;
				IPHONEOS_DEPLOYMENT_TARGET = 13.2;
				MTL_ENABLE_DEBUG_INFO = NO;
				MTL_FAST_MATH = YES;
				SDKROOT = iphoneos;
				SWIFT_COMPILATION_MODE = wholemodule;
				SWIFT_OPTIMIZATION_LEVEL = "-O";
				VALIDATE_PRODUCT = YES;
			};
			name = Release;
		};
		D99ABAE82445C5D8003DB8D2 /* Debug */ = {
			isa = XCBuildConfiguration;
			buildSettings = {
				ASSETCATALOG_COMPILER_APPICON_NAME = AppIcon;
				CODE_SIGN_STYLE = Automatic;
				INFOPLIST_FILE = BroadcastTVApp/Info.plist;
				LD_RUNPATH_SEARCH_PATHS = (
					"$(inherited)",
					"@executable_path/Frameworks",
				);
				PRODUCT_BUNDLE_IDENTIFIER = Z5X.BroadcastTVApp;
				PRODUCT_NAME = "$(TARGET_NAME)";
				SWIFT_VERSION = 5.0;
				TARGETED_DEVICE_FAMILY = "1,2";
			};
			name = Debug;
		};
		D99ABAE92445C5D8003DB8D2 /* Release */ = {
			isa = XCBuildConfiguration;
			buildSettings = {
				ASSETCATALOG_COMPILER_APPICON_NAME = AppIcon;
				CODE_SIGN_STYLE = Automatic;
				INFOPLIST_FILE = BroadcastTVApp/Info.plist;
				LD_RUNPATH_SEARCH_PATHS = (
					"$(inherited)",
					"@executable_path/Frameworks",
				);
				PRODUCT_BUNDLE_IDENTIFIER = Z5X.BroadcastTVApp;
				PRODUCT_NAME = "$(TARGET_NAME)";
				SWIFT_VERSION = 5.0;
				TARGETED_DEVICE_FAMILY = "1,2";
			};
			name = Release;
		};
/* End XCBuildConfiguration section */

/* Begin XCConfigurationList section */
		D99ABACE2445C5CE003DB8D2 /* Build configuration list for PBXProject "BroadcastTVApp" */ = {
			isa = XCConfigurationList;
			buildConfigurations = (
				D99ABAE52445C5D8003DB8D2 /* Debug */,
				D99ABAE62445C5D8003DB8D2 /* Release */,
			);
			defaultConfigurationIsVisible = 0;
			defaultConfigurationName = Release;
		};
		D99ABAE72445C5D8003DB8D2 /* Build configuration list for PBXNativeTarget "BroadcastTVApp" */ = {
			isa = XCConfigurationList;
			buildConfigurations = (
				D99ABAE82445C5D8003DB8D2 /* Debug */,
				D99ABAE92445C5D8003DB8D2 /* Release */,
			);
			defaultConfigurationIsVisible = 0;
			defaultConfigurationName = Release;
		};
/* End XCConfigurationList section */
	};
	rootObject = D99ABACB2445C5CE003DB8D2 /* Project object */;
}
